
Microsoft Visual Studio Solution File, Format Version 12.00
# Visual Studio 2012
Project("{FAE04EC0-301F-11D3-BF4B-00C04F79EFBC}") = "task_10_wf", "task_10_wf\task_10_wf.csproj", "{4D17FFB3-A8FB-4CF9-BC46-7EBC5155F87F}"
EndProject
Project("{FAE04EC0-301F-11D3-BF4B-00C04F79EFBC}") = "TimerLib", "TimerLib\TimerLib.csproj", "{36A14659-45A6-4219-BF20-C28D1971F664}"
EndProject
Global
	GlobalSection(SolutionConfigurationPlatforms) = preSolution
		Debug|Any CPU = Debug|Any CPU
		Release|Any CPU = Release|Any CPU
	EndGlobalSection
	GlobalSection(ProjectConfigurationPlatforms) = postSolution
		{4D17FFB3-A8FB-4CF9-BC46-7EBC5155F87F}.Debug|Any CPU.ActiveCfg = Debug|Any CPU
		{4D17FFB3-A8FB-4CF9-BC46-7EBC5155F87F}.Debug|Any CPU.Build.0 = Debug|Any CPU
		{4D17FFB3-A8FB-4CF9-BC46-7EBC5155F87F}.Release|Any CPU.ActiveCfg = Release|Any CPU
		{4D17FFB3-A8FB-4CF9-BC46-7EBC5155F87F}.Release|Any CPU.Build.0 = Release|Any CPU
		{36A14659-45A6-4219-BF20-C28D1971F664}.Debug|Any CPU.ActiveCfg = Debug|Any CPU
		{36A14659-45A6-4219-BF20-C28D1971F664}.Debug|Any CPU.Build.0 = Debug|Any CPU
		{36A14659-45A6-4219-BF20-C28D1971F664}.Release|Any CPU.ActiveCfg = Release|Any CPU
		{36A14659-45A6-4219-BF20-C28D1971F664}.Release|Any CPU.Build.0 = Release|Any CPU
	EndGlobalSection
	GlobalSection(SolutionProperties) = preSolution
		HideSolutionNode = FALSE
	EndGlobalSection
EndGlobal
