
Microsoft Visual Studio Solution File, Format Version 12.00
# Visual Studio 2012
Project("{FAE04EC0-301F-11D3-BF4B-00C04F79EFBC}") = "task_1_wpf", "task_1_wpf\task_1_wpf.csproj", "{99A68D67-0FAE-4D7A-ABC5-C34B43FED94D}"
EndProject
Project("{FAE04EC0-301F-11D3-BF4B-00C04F79EFBC}") = "StringFormatLibrary", "StringFormatLibrary\StringFormatLibrary.csproj", "{A75F3B43-3531-427D-B507-E800D975CA32}"
EndProject
Global
	GlobalSection(SolutionConfigurationPlatforms) = preSolution
		Debug|Any CPU = Debug|Any CPU
		Release|Any CPU = Release|Any CPU
	EndGlobalSection
	GlobalSection(ProjectConfigurationPlatforms) = postSolution
		{99A68D67-0FAE-4D7A-ABC5-C34B43FED94D}.Debug|Any CPU.ActiveCfg = Debug|Any CPU
		{99A68D67-0FAE-4D7A-ABC5-C34B43FED94D}.Debug|Any CPU.Build.0 = Debug|Any CPU
		{99A68D67-0FAE-4D7A-ABC5-C34B43FED94D}.Release|Any CPU.ActiveCfg = Release|Any CPU
		{99A68D67-0FAE-4D7A-ABC5-C34B43FED94D}.Release|Any CPU.Build.0 = Release|Any CPU
		{A75F3B43-3531-427D-B507-E800D975CA32}.Debug|Any CPU.ActiveCfg = Debug|Any CPU
		{A75F3B43-3531-427D-B507-E800D975CA32}.Debug|Any CPU.Build.0 = Debug|Any CPU
		{A75F3B43-3531-427D-B507-E800D975CA32}.Release|Any CPU.ActiveCfg = Release|Any CPU
		{A75F3B43-3531-427D-B507-E800D975CA32}.Release|Any CPU.Build.0 = Release|Any CPU
	EndGlobalSection
	GlobalSection(SolutionProperties) = preSolution
		HideSolutionNode = FALSE
	EndGlobalSection
EndGlobal
