
Microsoft Visual Studio Solution File, Format Version 12.00
# Visual Studio 2012
Project("{FAE04EC0-301F-11D3-BF4B-00C04F79EFBC}") = "MatrixLib", "MatrixLib\MatrixLib.csproj", "{0AB3C9F4-77C1-4337-9326-3E25FB778EB9}"
EndProject
Project("{FAE04EC0-301F-11D3-BF4B-00C04F79EFBC}") = "task_7_console", "task_7_console\task_7_console.csproj", "{96F92424-2560-43C5-8442-44F3654D7BD5}"
EndProject
Global
	GlobalSection(SolutionConfigurationPlatforms) = preSolution
		Debug|Any CPU = Debug|Any CPU
		Release|Any CPU = Release|Any CPU
	EndGlobalSection
	GlobalSection(ProjectConfigurationPlatforms) = postSolution
		{0AB3C9F4-77C1-4337-9326-3E25FB778EB9}.Debug|Any CPU.ActiveCfg = Debug|Any CPU
		{0AB3C9F4-77C1-4337-9326-3E25FB778EB9}.Debug|Any CPU.Build.0 = Debug|Any CPU
		{0AB3C9F4-77C1-4337-9326-3E25FB778EB9}.Release|Any CPU.ActiveCfg = Release|Any CPU
		{0AB3C9F4-77C1-4337-9326-3E25FB778EB9}.Release|Any CPU.Build.0 = Release|Any CPU
		{96F92424-2560-43C5-8442-44F3654D7BD5}.Debug|Any CPU.ActiveCfg = Debug|Any CPU
		{96F92424-2560-43C5-8442-44F3654D7BD5}.Debug|Any CPU.Build.0 = Debug|Any CPU
		{96F92424-2560-43C5-8442-44F3654D7BD5}.Release|Any CPU.ActiveCfg = Release|Any CPU
		{96F92424-2560-43C5-8442-44F3654D7BD5}.Release|Any CPU.Build.0 = Release|Any CPU
	EndGlobalSection
	GlobalSection(SolutionProperties) = preSolution
		HideSolutionNode = FALSE
	EndGlobalSection
EndGlobal
