
Microsoft Visual Studio Solution File, Format Version 12.00
# Visual Studio 2012
Project("{FAE04EC0-301F-11D3-BF4B-00C04F79EFBC}") = "task_4_console", "task_4_console\task_4_console.csproj", "{5EB0A051-D42D-464C-9792-65452129D23C}"
EndProject
Project("{FAE04EC0-301F-11D3-BF4B-00C04F79EFBC}") = "TriangleLibrary", "TriangleLibrary\TriangleLibrary.csproj", "{5873B669-1A7E-47B1-B065-0DC7A020A209}"
EndProject
Project("{FAE04EC0-301F-11D3-BF4B-00C04F79EFBC}") = "task4_UnitTest", "task4_UnitTest\task4_UnitTest.csproj", "{C4E3FFC9-3604-4BD4-B0BE-1F23EA3939F5}"
EndProject
Project("{FAE04EC0-301F-11D3-BF4B-00C04F79EFBC}") = "task_4_winform", "task_4_winform\task_4_winform.csproj", "{BD6AAD39-1B4A-46AC-9DA6-D93F26900A19}"
EndProject
Global
	GlobalSection(SolutionConfigurationPlatforms) = preSolution
		Debug|Any CPU = Debug|Any CPU
		Release|Any CPU = Release|Any CPU
	EndGlobalSection
	GlobalSection(ProjectConfigurationPlatforms) = postSolution
		{5EB0A051-D42D-464C-9792-65452129D23C}.Debug|Any CPU.ActiveCfg = Debug|Any CPU
		{5EB0A051-D42D-464C-9792-65452129D23C}.Debug|Any CPU.Build.0 = Debug|Any CPU
		{5EB0A051-D42D-464C-9792-65452129D23C}.Release|Any CPU.ActiveCfg = Release|Any CPU
		{5EB0A051-D42D-464C-9792-65452129D23C}.Release|Any CPU.Build.0 = Release|Any CPU
		{5873B669-1A7E-47B1-B065-0DC7A020A209}.Debug|Any CPU.ActiveCfg = Debug|Any CPU
		{5873B669-1A7E-47B1-B065-0DC7A020A209}.Debug|Any CPU.Build.0 = Debug|Any CPU
		{5873B669-1A7E-47B1-B065-0DC7A020A209}.Release|Any CPU.ActiveCfg = Release|Any CPU
		{5873B669-1A7E-47B1-B065-0DC7A020A209}.Release|Any CPU.Build.0 = Release|Any CPU
		{C4E3FFC9-3604-4BD4-B0BE-1F23EA3939F5}.Debug|Any CPU.ActiveCfg = Debug|Any CPU
		{C4E3FFC9-3604-4BD4-B0BE-1F23EA3939F5}.Debug|Any CPU.Build.0 = Debug|Any CPU
		{C4E3FFC9-3604-4BD4-B0BE-1F23EA3939F5}.Release|Any CPU.ActiveCfg = Release|Any CPU
		{C4E3FFC9-3604-4BD4-B0BE-1F23EA3939F5}.Release|Any CPU.Build.0 = Release|Any CPU
		{BD6AAD39-1B4A-46AC-9DA6-D93F26900A19}.Debug|Any CPU.ActiveCfg = Debug|Any CPU
		{BD6AAD39-1B4A-46AC-9DA6-D93F26900A19}.Debug|Any CPU.Build.0 = Debug|Any CPU
		{BD6AAD39-1B4A-46AC-9DA6-D93F26900A19}.Release|Any CPU.ActiveCfg = Release|Any CPU
		{BD6AAD39-1B4A-46AC-9DA6-D93F26900A19}.Release|Any CPU.Build.0 = Release|Any CPU
	EndGlobalSection
	GlobalSection(SolutionProperties) = preSolution
		HideSolutionNode = FALSE
	EndGlobalSection
EndGlobal
